
Microsoft Visual Studio Solution File, Format Version 12.00
# Visual Studio Version 16
VisualStudioVersion = 16.0.30011.22
MinimumVisualStudioVersion = 10.0.40219.1
Project("{FAE04EC0-301F-11D3-BF4B-00C04F79EFBC}") = "Cryptid", "Cryptid\Cryptid.csproj", "{BFCD203A-1A11-4605-A371-76717D520CF5}"
EndProject
Global
	GlobalSection(SolutionConfigurationPlatforms) = preSolution
		Debug|Any CPU = Debug|Any CPU
		Release|Any CPU = Release|Any CPU
	EndGlobalSection
	GlobalSection(ProjectConfigurationPlatforms) = postSolution
		{BFCD203A-1A11-4605-A371-76717D520CF5}.Debug|Any CPU.ActiveCfg = Debug|Any CPU
		{BFCD203A-1A11-4605-A371-76717D520CF5}.Debug|Any CPU.Build.0 = Debug|Any CPU
		{BFCD203A-1A11-4605-A371-76717D520CF5}.Release|Any CPU.ActiveCfg = Release|Any CPU
		{BFCD203A-1A11-4605-A371-76717D520CF5}.Release|Any CPU.Build.0 = Release|Any CPU
	EndGlobalSection
	GlobalSection(SolutionProperties) = preSolution
		HideSolutionNode = FALSE
	EndGlobalSection
	GlobalSection(ExtensibilityGlobals) = postSolution
		SolutionGuid = {BA320631-363F-43DF-829E-D911ED6AC5A5}
	EndGlobalSection
EndGlobal
